{
  "originHash" : "c193c2a87c4dfaf6939ce654235390d9b44dd0b4b493467e5eab47eeff532a28",
  "pins" : [
    {
      "identity" : "tidemark",
      "kind" : "remoteSourceControl",
      "location" : "https://github.com/brentsimmons/Tidemark",
      "state" : {
        "revision" : "2a5cd8a715ad1145d36009f5d3f146704d3f7ec0",
        "version" : "1.0.1"
      }
    }
  ],
  "version" : 3
}
